// !$*UTF8*$!
{
	archiveVersion = 1;
	classes = {
	};
	objectVersion = 46;
	objects = {

/* Begin PBXBuildFile section */
		DD139D061E9FEF990049566F /* MapViewController.swift in Sources */ = {isa = PBXBuildFile; fileRef = DD139D051E9FEF990049566F /* MapViewController.swift */; };
		DD139D081EA51A730049566F /* ShopDetailCollectionViewController.swift in Sources */ = {isa = PBXBuildFile; fileRef = DD139D071EA51A730049566F /* ShopDetailCollectionViewController.swift */; };
		DD4AC2BE1E92CEEE00F77037 /* AppDelegate.swift in Sources */ = {isa = PBXBuildFile; fileRef = DD4AC2BD1E92CEEE00F77037 /* AppDelegate.swift */; };
		DD4AC2C31E92CEEE00F77037 /* Main.storyboard in Resources */ = {isa = PBXBuildFile; fileRef = DD4AC2C11E92CEEE00F77037 /* Main.storyboard */; };
		DD4AC2C51E92CEEE00F77037 /* Assets.xcassets in Resources */ = {isa = PBXBuildFile; fileRef = DD4AC2C41E92CEEE00F77037 /* Assets.xcassets */; };
		DD4AC2C81E92CEEE00F77037 /* LaunchScreen.storyboard in Resources */ = {isa = PBXBuildFile; fileRef = DD4AC2C61E92CEEE00F77037 /* LaunchScreen.storyboard */; };
		DD4AC2D01E92CF6000F77037 /* LoginViewController.swift in Sources */ = {isa = PBXBuildFile; fileRef = DD4AC2CF1E92CF6000F77037 /* LoginViewController.swift */; };
		DD4AC2D31E94006200F77037 /* ShopNameTableViewController.swift in Sources */ = {isa = PBXBuildFile; fileRef = DD4AC2D21E94006200F77037 /* ShopNameTableViewController.swift */; };
		DD4AC2D51E9400CC00F77037 /* AddCouponViewController.swift in Sources */ = {isa = PBXBuildFile; fileRef = DD4AC2D41E9400CC00F77037 /* AddCouponViewController.swift */; };
		DD4AC2D71E9403BA00F77037 /* background.jpeg in Resources */ = {isa = PBXBuildFile; fileRef = DD4AC2D61E9403BA00F77037 /* background.jpeg */; };
		DD4AC2DF1E941EB400F77037 /* ListOfCouponsTableViewController.swift in Sources */ = {isa = PBXBuildFile; fileRef = DD4AC2DE1E941EB400F77037 /* ListOfCouponsTableViewController.swift */; };
		DD4AC3241E95F07100F77037 /* Coupon.xcdatamodeld in Sources */ = {isa = PBXBuildFile; fileRef = DD4AC3221E95F07100F77037 /* Coupon.xcdatamodeld */; };
		DD4AC3281E982F8600F77037 /* camera.JPG in Resources */ = {isa = PBXBuildFile; fileRef = DD4AC3271E982F8600F77037 /* camera.JPG */; };
		DD4AC32A1E9C249700F77037 /* CouponDetailsViewController.swift in Sources */ = {isa = PBXBuildFile; fileRef = DD4AC3291E9C249700F77037 /* CouponDetailsViewController.swift */; };
		DD4AC32C1E9C24B200F77037 /* ShopDetailViewController.swift in Sources */ = {isa = PBXBuildFile; fileRef = DD4AC32B1E9C24B200F77037 /* ShopDetailViewController.swift */; };
		DD4AC32E1E9D442900F77037 /* ImageTableViewCell.swift in Sources */ = {isa = PBXBuildFile; fileRef = DD4AC32D1E9D442900F77037 /* ImageTableViewCell.swift */; };
		DD4AC3301E9D448500F77037 /* CouponListTableViewCell.swift in Sources */ = {isa = PBXBuildFile; fileRef = DD4AC32F1E9D448500F77037 /* CouponListTableViewCell.swift */; };
		DD4AC3321E9DE42200F77037 /* teal.png in Resources */ = {isa = PBXBuildFile; fileRef = DD4AC3311E9DE42200F77037 /* teal.png */; };
		DD4AC3341E9E77C600F77037 /* CouponCollectionViewController.swift in Sources */ = {isa = PBXBuildFile; fileRef = DD4AC3331E9E77C600F77037 /* CouponCollectionViewController.swift */; };
		DD4AC3361E9EB64700F77037 /* CouponCollectionViewCell.swift in Sources */ = {isa = PBXBuildFile; fileRef = DD4AC3351E9EB64700F77037 /* CouponCollectionViewCell.swift */; };
		DDC39DF41EA6668D00E2DDD4 /* CouponDeatailTableViewController.swift in Sources */ = {isa = PBXBuildFile; fileRef = DDC39DF31EA6668D00E2DDD4 /* CouponDeatailTableViewController.swift */; };
		DDC39E021EA70DB000E2DDD4 /* icon.jpg in Resources */ = {isa = PBXBuildFile; fileRef = DDC39E011EA70DB000E2DDD4 /* icon.jpg */; };
		DDC39E081EA70F3000E2DDD4 /* sample-1055-ticket@2x.png in Resources */ = {isa = PBXBuildFile; fileRef = DDC39E071EA70F3000E2DDD4 /* sample-1055-ticket@2x.png */; };
		DDC39E0A1EA710A500E2DDD4 /* sample-920-handbag@2x.png in Resources */ = {isa = PBXBuildFile; fileRef = DDC39E091EA710A500E2DDD4 /* sample-920-handbag@2x.png */; };
		DDC39E0C1EA7111100E2DDD4 /* Coupon.png in Resources */ = {isa = PBXBuildFile; fileRef = DDC39E0B1EA7111100E2DDD4 /* Coupon.png */; };
		DDC39E0E1EA7111700E2DDD4 /* shop.png in Resources */ = {isa = PBXBuildFile; fileRef = DDC39E0D1EA7111700E2DDD4 /* shop.png */; };
		DDC39E121EA71E0900E2DDD4 /* ShopNameCollectionViewCell.swift in Sources */ = {isa = PBXBuildFile; fileRef = DDC39E111EA71E0900E2DDD4 /* ShopNameCollectionViewCell.swift */; };
		DDC39E141EA71E2800E2DDD4 /* ShopTextCollectionViewCell.swift in Sources */ = {isa = PBXBuildFile; fileRef = DDC39E131EA71E2800E2DDD4 /* ShopTextCollectionViewCell.swift */; };
		DDC39E181EA7D1F900E2DDD4 /* UIColor+Additions.m in Sources */ = {isa = PBXBuildFile; fileRef = DDC39E171EA7D1F900E2DDD4 /* UIColor+Additions.m */; };
		DDF050051EAA7EDD00D6CD50 /* FirstCouponViewController.swift in Sources */ = {isa = PBXBuildFile; fileRef = DDF050041EAA7EDD00D6CD50 /* FirstCouponViewController.swift */; };
/* End PBXBuildFile section */

/* Begin PBXFileReference section */
		DD139D051E9FEF990049566F /* MapViewController.swift */ = {isa = PBXFileReference; fileEncoding = 4; lastKnownFileType = sourcecode.swift; path = MapViewController.swift; sourceTree = "<group>"; };
		DD139D071EA51A730049566F /* ShopDetailCollectionViewController.swift */ = {isa = PBXFileReference; fileEncoding = 4; lastKnownFileType = sourcecode.swift; path = ShopDetailCollectionViewController.swift; sourceTree = "<group>"; };
		DD4AC2BA1E92CEEE00F77037 /* Coupon App.app */ = {isa = PBXFileReference; explicitFileType = wrapper.application; includeInIndex = 0; path = "Coupon App.app"; sourceTree = BUILT_PRODUCTS_DIR; };
		DD4AC2BD1E92CEEE00F77037 /* AppDelegate.swift */ = {isa = PBXFileReference; lastKnownFileType = sourcecode.swift; path = AppDelegate.swift; sourceTree = "<group>"; };
		DD4AC2C21E92CEEE00F77037 /* Base */ = {isa = PBXFileReference; lastKnownFileType = file.storyboard; name = Base; path = Base.lproj/Main.storyboard; sourceTree = "<group>"; };
		DD4AC2C41E92CEEE00F77037 /* Assets.xcassets */ = {isa = PBXFileReference; lastKnownFileType = folder.assetcatalog; path = Assets.xcassets; sourceTree = "<group>"; };
		DD4AC2C71E92CEEE00F77037 /* Base */ = {isa = PBXFileReference; lastKnownFileType = file.storyboard; name = Base; path = Base.lproj/LaunchScreen.storyboard; sourceTree = "<group>"; };
		DD4AC2C91E92CEEE00F77037 /* Info.plist */ = {isa = PBXFileReference; lastKnownFileType = text.plist.xml; path = Info.plist; sourceTree = "<group>"; };
		DD4AC2CF1E92CF6000F77037 /* LoginViewController.swift */ = {isa = PBXFileReference; fileEncoding = 4; lastKnownFileType = sourcecode.swift; name = LoginViewController.swift; path = "Coupon App/LoginViewController.swift"; sourceTree = "<group>"; };
		DD4AC2D21E94006200F77037 /* ShopNameTableViewController.swift */ = {isa = PBXFileReference; fileEncoding = 4; lastKnownFileType = sourcecode.swift; path = ShopNameTableViewController.swift; sourceTree = "<group>"; };
		DD4AC2D41E9400CC00F77037 /* AddCouponViewController.swift */ = {isa = PBXFileReference; fileEncoding = 4; lastKnownFileType = sourcecode.swift; path = AddCouponViewController.swift; sourceTree = "<group>"; };
		DD4AC2D61E9403BA00F77037 /* background.jpeg */ = {isa = PBXFileReference; lastKnownFileType = image.jpeg; path = background.jpeg; sourceTree = "<group>"; };
		DD4AC2DE1E941EB400F77037 /* ListOfCouponsTableViewController.swift */ = {isa = PBXFileReference; fileEncoding = 4; lastKnownFileType = sourcecode.swift; path = ListOfCouponsTableViewController.swift; sourceTree = "<group>"; };
		DD4AC3231E95F07100F77037 /* Coupon.xcdatamodel */ = {isa = PBXFileReference; lastKnownFileType = wrapper.xcdatamodel; path = Coupon.xcdatamodel; sourceTree = "<group>"; };
		DD4AC3271E982F8600F77037 /* camera.JPG */ = {isa = PBXFileReference; lastKnownFileType = image.jpeg; path = camera.JPG; sourceTree = "<group>"; };
		DD4AC3291E9C249700F77037 /* CouponDetailsViewController.swift */ = {isa = PBXFileReference; fileEncoding = 4; lastKnownFileType = sourcecode.swift; path = CouponDetailsViewController.swift; sourceTree = "<group>"; };
		DD4AC32B1E9C24B200F77037 /* ShopDetailViewController.swift */ = {isa = PBXFileReference; fileEncoding = 4; lastKnownFileType = sourcecode.swift; path = ShopDetailViewController.swift; sourceTree = "<group>"; };
		DD4AC32D1E9D442900F77037 /* ImageTableViewCell.swift */ = {isa = PBXFileReference; fileEncoding = 4; lastKnownFileType = sourcecode.swift; path = ImageTableViewCell.swift; sourceTree = "<group>"; };
		DD4AC32F1E9D448500F77037 /* CouponListTableViewCell.swift */ = {isa = PBXFileReference; fileEncoding = 4; lastKnownFileType = sourcecode.swift; path = CouponListTableViewCell.swift; sourceTree = "<group>"; };
		DD4AC3311E9DE42200F77037 /* teal.png */ = {isa = PBXFileReference; lastKnownFileType = image.png; path = teal.png; sourceTree = "<group>"; };
		DD4AC3331E9E77C600F77037 /* CouponCollectionViewController.swift */ = {isa = PBXFileReference; fileEncoding = 4; lastKnownFileType = sourcecode.swift; path = CouponCollectionViewController.swift; sourceTree = "<group>"; };
		DD4AC3351E9EB64700F77037 /* CouponCollectionViewCell.swift */ = {isa = PBXFileReference; fileEncoding = 4; lastKnownFileType = sourcecode.swift; path = CouponCollectionViewCell.swift; sourceTree = "<group>"; };
		DDC39DF31EA6668D00E2DDD4 /* CouponDeatailTableViewController.swift */ = {isa = PBXFileReference; fileEncoding = 4; lastKnownFileType = sourcecode.swift; path = CouponDeatailTableViewController.swift; sourceTree = "<group>"; };
		DDC39E011EA70DB000E2DDD4 /* icon.jpg */ = {isa = PBXFileReference; lastKnownFileType = image.jpeg; path = icon.jpg; sourceTree = "<group>"; };
		DDC39E071EA70F3000E2DDD4 /* sample-1055-ticket@2x.png */ = {isa = PBXFileReference; lastKnownFileType = image.png; path = "sample-1055-ticket@2x.png"; sourceTree = "<group>"; };
		DDC39E091EA710A500E2DDD4 /* sample-920-handbag@2x.png */ = {isa = PBXFileReference; lastKnownFileType = image.png; path = "sample-920-handbag@2x.png"; sourceTree = "<group>"; };
		DDC39E0B1EA7111100E2DDD4 /* Coupon.png */ = {isa = PBXFileReference; lastKnownFileType = image.png; path = Coupon.png; sourceTree = "<group>"; };
		DDC39E0D1EA7111700E2DDD4 /* shop.png */ = {isa = PBXFileReference; lastKnownFileType = image.png; path = shop.png; sourceTree = "<group>"; };
		DDC39E111EA71E0900E2DDD4 /* ShopNameCollectionViewCell.swift */ = {isa = PBXFileReference; fileEncoding = 4; lastKnownFileType = sourcecode.swift; path = ShopNameCollectionViewCell.swift; sourceTree = "<group>"; };
		DDC39E131EA71E2800E2DDD4 /* ShopTextCollectionViewCell.swift */ = {isa = PBXFileReference; fileEncoding = 4; lastKnownFileType = sourcecode.swift; path = ShopTextCollectionViewCell.swift; sourceTree = "<group>"; };
		DDC39E151EA7D1EB00E2DDD4 /* UIColor+Additions.h */ = {isa = PBXFileReference; lastKnownFileType = sourcecode.c.h; path = "UIColor+Additions.h"; sourceTree = "<group>"; };
		DDC39E161EA7D1F900E2DDD4 /* Coupon App-Bridging-Header.h */ = {isa = PBXFileReference; lastKnownFileType = sourcecode.c.h; path = "Coupon App-Bridging-Header.h"; sourceTree = "<group>"; };
		DDC39E171EA7D1F900E2DDD4 /* UIColor+Additions.m */ = {isa = PBXFileReference; fileEncoding = 4; lastKnownFileType = sourcecode.c.objc; path = "UIColor+Additions.m"; sourceTree = "<group>"; };
		DDF050041EAA7EDD00D6CD50 /* FirstCouponViewController.swift */ = {isa = PBXFileReference; fileEncoding = 4; lastKnownFileType = sourcecode.swift; path = FirstCouponViewController.swift; sourceTree = "<group>"; };
/* End PBXFileReference section */

/* Begin PBXFrameworksBuildPhase section */
		DD4AC2B71E92CEEE00F77037 /* Frameworks */ = {
			isa = PBXFrameworksBuildPhase;
			buildActionMask = 2147483647;
			files = (
			);
			runOnlyForDeploymentPostprocessing = 0;
		};
/* End PBXFrameworksBuildPhase section */

/* Begin PBXGroup section */
		DD4AC2B11E92CEEE00F77037 = {
			isa = PBXGroup;
			children = (
				DD139D051E9FEF990049566F /* MapViewController.swift */,
				DD4AC2D21E94006200F77037 /* ShopNameTableViewController.swift */,
				DD139D071EA51A730049566F /* ShopDetailCollectionViewController.swift */,
				DD4AC2D11E92CF6A00F77037 /* ViewControllers */,
				DD4AC2BC1E92CEEE00F77037 /* Coupon App */,
				DD4AC2BB1E92CEEE00F77037 /* Products */,
				DDC39E161EA7D1F900E2DDD4 /* Coupon App-Bridging-Header.h */,
			);
			sourceTree = "<group>";
		};
		DD4AC2BB1E92CEEE00F77037 /* Products */ = {
			isa = PBXGroup;
			children = (
				DD4AC2BA1E92CEEE00F77037 /* Coupon App.app */,
			);
			name = Products;
			sourceTree = "<group>";
		};
		DD4AC2BC1E92CEEE00F77037 /* Coupon App */ = {
			isa = PBXGroup;
			children = (
				DD4AC2BD1E92CEEE00F77037 /* AppDelegate.swift */,
				DD4AC2C11E92CEEE00F77037 /* Main.storyboard */,
				DD4AC2C41E92CEEE00F77037 /* Assets.xcassets */,
				DD4AC2C61E92CEEE00F77037 /* LaunchScreen.storyboard */,
				DD4AC2C91E92CEEE00F77037 /* Info.plist */,
				DD4AC3221E95F07100F77037 /* Coupon.xcdatamodeld */,
			);
			path = "Coupon App";
			sourceTree = "<group>";
		};
		DD4AC2D11E92CF6A00F77037 /* ViewControllers */ = {
			isa = PBXGroup;
			children = (
				DDF050041EAA7EDD00D6CD50 /* FirstCouponViewController.swift */,
				DDC39E151EA7D1EB00E2DDD4 /* UIColor+Additions.h */,
				DDC39E171EA7D1F900E2DDD4 /* UIColor+Additions.m */,
				DD4AC2D41E9400CC00F77037 /* AddCouponViewController.swift */,
				DDC39E131EA71E2800E2DDD4 /* ShopTextCollectionViewCell.swift */,
				DDC39E111EA71E0900E2DDD4 /* ShopNameCollectionViewCell.swift */,
				DD4AC2DE1E941EB400F77037 /* ListOfCouponsTableViewController.swift */,
				DDC39DF31EA6668D00E2DDD4 /* CouponDeatailTableViewController.swift */,
				DDC39E091EA710A500E2DDD4 /* sample-920-handbag@2x.png */,
				DDC39E011EA70DB000E2DDD4 /* icon.jpg */,
				DDC39E0B1EA7111100E2DDD4 /* Coupon.png */,
				DDC39E0D1EA7111700E2DDD4 /* shop.png */,
				DD4AC32F1E9D448500F77037 /* CouponListTableViewCell.swift */,
				DD4AC3351E9EB64700F77037 /* CouponCollectionViewCell.swift */,
				DD4AC32D1E9D442900F77037 /* ImageTableViewCell.swift */,
				DD4AC3331E9E77C600F77037 /* CouponCollectionViewController.swift */,
				DD4AC32B1E9C24B200F77037 /* ShopDetailViewController.swift */,
				DD4AC3291E9C249700F77037 /* CouponDetailsViewController.swift */,
				DD4AC2CF1E92CF6000F77037 /* LoginViewController.swift */,
				DD4AC3311E9DE42200F77037 /* teal.png */,
				DD4AC3271E982F8600F77037 /* camera.JPG */,
				DD4AC2D61E9403BA00F77037 /* background.jpeg */,
				DDC39E071EA70F3000E2DDD4 /* sample-1055-ticket@2x.png */,
			);
			name = ViewControllers;
			sourceTree = "<group>";
		};
/* End PBXGroup section */

/* Begin PBXNativeTarget section */
		DD4AC2B91E92CEEE00F77037 /* Coupon App */ = {
			isa = PBXNativeTarget;
			buildConfigurationList = DD4AC2CC1E92CEEE00F77037 /* Build configuration list for PBXNativeTarget "Coupon App" */;
			buildPhases = (
				DD4AC2B61E92CEEE00F77037 /* Sources */,
				DD4AC2B71E92CEEE00F77037 /* Frameworks */,
				DD4AC2B81E92CEEE00F77037 /* Resources */,
			);
			buildRules = (
			);
			dependencies = (
			);
			name = "Coupon App";
			productName = "Coupon App";
			productReference = DD4AC2BA1E92CEEE00F77037 /* Coupon App.app */;
			productType = "com.apple.product-type.application";
		};
/* End PBXNativeTarget section */

/* Begin PBXProject section */
		DD4AC2B21E92CEEE00F77037 /* Project object */ = {
			isa = PBXProject;
			attributes = {
				LastSwiftUpdateCheck = 0830;
				LastUpgradeCheck = 0830;
				ORGANIZATIONNAME = Klas;
				TargetAttributes = {
					DD4AC2B91E92CEEE00F77037 = {
						CreatedOnToolsVersion = 8.3;
						DevelopmentTeam = 3HEAU63NVU;
						LastSwiftMigration = 0830;
						ProvisioningStyle = Automatic;
					};
				};
			};
			buildConfigurationList = DD4AC2B51E92CEEE00F77037 /* Build configuration list for PBXProject "Coupon App" */;
			compatibilityVersion = "Xcode 3.2";
			developmentRegion = English;
			hasScannedForEncodings = 0;
			knownRegions = (
				en,
				Base,
			);
			mainGroup = DD4AC2B11E92CEEE00F77037;
			productRefGroup = DD4AC2BB1E92CEEE00F77037 /* Products */;
			projectDirPath = "";
			projectRoot = "";
			targets = (
				DD4AC2B91E92CEEE00F77037 /* Coupon App */,
			);
		};
/* End PBXProject section */

/* Begin PBXResourcesBuildPhase section */
		DD4AC2B81E92CEEE00F77037 /* Resources */ = {
			isa = PBXResourcesBuildPhase;
			buildActionMask = 2147483647;
			files = (
				DDC39E0E1EA7111700E2DDD4 /* shop.png in Resources */,
				DD4AC2C81E92CEEE00F77037 /* LaunchScreen.storyboard in Resources */,
				DDC39E081EA70F3000E2DDD4 /* sample-1055-ticket@2x.png in Resources */,
				DD4AC2C51E92CEEE00F77037 /* Assets.xcassets in Resources */,
				DD4AC2C31E92CEEE00F77037 /* Main.storyboard in Resources */,
				DDC39E021EA70DB000E2DDD4 /* icon.jpg in Resources */,
				DDC39E0A1EA710A500E2DDD4 /* sample-920-handbag@2x.png in Resources */,
				DD4AC2D71E9403BA00F77037 /* background.jpeg in Resources */,
				DDC39E0C1EA7111100E2DDD4 /* Coupon.png in Resources */,
				DD4AC3281E982F8600F77037 /* camera.JPG in Resources */,
				DD4AC3321E9DE42200F77037 /* teal.png in Resources */,
			);
			runOnlyForDeploymentPostprocessing = 0;
		};
/* End PBXResourcesBuildPhase section */

/* Begin PBXSourcesBuildPhase section */
		DD4AC2B61E92CEEE00F77037 /* Sources */ = {
			isa = PBXSourcesBuildPhase;
			buildActionMask = 2147483647;
			files = (
				DD4AC3361E9EB64700F77037 /* CouponCollectionViewCell.swift in Sources */,
				DDF050051EAA7EDD00D6CD50 /* FirstCouponViewController.swift in Sources */,
				DD4AC2DF1E941EB400F77037 /* ListOfCouponsTableViewController.swift in Sources */,
				DD4AC2D51E9400CC00F77037 /* AddCouponViewController.swift in Sources */,
				DDC39DF41EA6668D00E2DDD4 /* CouponDeatailTableViewController.swift in Sources */,
				DD4AC3341E9E77C600F77037 /* CouponCollectionViewController.swift in Sources */,
				DDC39E141EA71E2800E2DDD4 /* ShopTextCollectionViewCell.swift in Sources */,
				DD4AC2D01E92CF6000F77037 /* LoginViewController.swift in Sources */,
				DD4AC32E1E9D442900F77037 /* ImageTableViewCell.swift in Sources */,
				DD139D061E9FEF990049566F /* MapViewController.swift in Sources */,
				DD4AC2BE1E92CEEE00F77037 /* AppDelegate.swift in Sources */,
				DD4AC2D31E94006200F77037 /* ShopNameTableViewController.swift in Sources */,
				DDC39E181EA7D1F900E2DDD4 /* UIColor+Additions.m in Sources */,
				DDC39E121EA71E0900E2DDD4 /* ShopNameCollectionViewCell.swift in Sources */,
				DD4AC32C1E9C24B200F77037 /* ShopDetailViewController.swift in Sources */,
				DD4AC32A1E9C249700F77037 /* CouponDetailsViewController.swift in Sources */,
				DD139D081EA51A730049566F /* ShopDetailCollectionViewController.swift in Sources */,
				DD4AC3241E95F07100F77037 /* Coupon.xcdatamodeld in Sources */,
				DD4AC3301E9D448500F77037 /* CouponListTableViewCell.swift in Sources */,
			);
			runOnlyForDeploymentPostprocessing = 0;
		};
/* End PBXSourcesBuildPhase section */

/* Begin PBXVariantGroup section */
		DD4AC2C11E92CEEE00F77037 /* Main.storyboard */ = {
			isa = PBXVariantGroup;
			children = (
				DD4AC2C21E92CEEE00F77037 /* Base */,
			);
			name = Main.storyboard;
			sourceTree = "<group>";
		};
		DD4AC2C61E92CEEE00F77037 /* LaunchScreen.storyboard */ = {
			isa = PBXVariantGroup;
			children = (
				DD4AC2C71E92CEEE00F77037 /* Base */,
			);
			name = LaunchScreen.storyboard;
			sourceTree = "<group>";
		};
/* End PBXVariantGroup section */

/* Begin XCBuildConfiguration section */
		DD4AC2CA1E92CEEE00F77037 /* Debug */ = {
			isa = XCBuildConfiguration;
			buildSettings = {
				ALWAYS_SEARCH_USER_PATHS = NO;
				CLANG_ANALYZER_NONNULL = YES;
				CLANG_ANALYZER_NUMBER_OBJECT_CONVERSION = YES_AGGRESSIVE;
				CLANG_CXX_LANGUAGE_STANDARD = "gnu++0x";
				CLANG_CXX_LIBRARY = "libc++";
				CLANG_ENABLE_MODULES = YES;
				CLANG_ENABLE_OBJC_ARC = YES;
				CLANG_WARN_BOOL_CONVERSION = YES;
				CLANG_WARN_CONSTANT_CONVERSION = YES;
				CLANG_WARN_DIRECT_OBJC_ISA_USAGE = YES_ERROR;
				CLANG_WARN_DOCUMENTATION_COMMENTS = YES;
				CLANG_WARN_EMPTY_BODY = YES;
				CLANG_WARN_ENUM_CONVERSION = YES;
				CLANG_WARN_INFINITE_RECURSION = YES;
				CLANG_WARN_INT_CONVERSION = YES;
				CLANG_WARN_OBJC_ROOT_CLASS = YES_ERROR;
				CLANG_WARN_SUSPICIOUS_MOVE = YES;
				CLANG_WARN_UNREACHABLE_CODE = YES;
				CLANG_WARN__DUPLICATE_METHOD_MATCH = YES;
				"CODE_SIGN_IDENTITY[sdk=iphoneos*]" = "iPhone Developer";
				COPY_PHASE_STRIP = NO;
				DEBUG_INFORMATION_FORMAT = dwarf;
				ENABLE_STRICT_OBJC_MSGSEND = YES;
				ENABLE_TESTABILITY = YES;
				GCC_C_LANGUAGE_STANDARD = gnu99;
				GCC_DYNAMIC_NO_PIC = NO;
				GCC_NO_COMMON_BLOCKS = YES;
				GCC_OPTIMIZATION_LEVEL = 0;
				GCC_PREPROCESSOR_DEFINITIONS = (
					"DEBUG=1",
					"$(inherited)",
				);
				GCC_WARN_64_TO_32_BIT_CONVERSION = YES;
				GCC_WARN_ABOUT_RETURN_TYPE = YES_ERROR;
				GCC_WARN_UNDECLARED_SELECTOR = YES;
				GCC_WARN_UNINITIALIZED_AUTOS = YES_AGGRESSIVE;
				GCC_WARN_UNUSED_FUNCTION = YES;
				GCC_WARN_UNUSED_VARIABLE = YES;
				IPHONEOS_DEPLOYMENT_TARGET = 10.3;
				MTL_ENABLE_DEBUG_INFO = YES;
				ONLY_ACTIVE_ARCH = YES;
				SDKROOT = iphoneos;
				SWIFT_ACTIVE_COMPILATION_CONDITIONS = DEBUG;
				SWIFT_OPTIMIZATION_LEVEL = "-Onone";
				TARGETED_DEVICE_FAMILY = "1,2";
			};
			name = Debug;
		};
		DD4AC2CB1E92CEEE00F77037 /* Release */ = {
			isa = XCBuildConfiguration;
			buildSettings = {
				ALWAYS_SEARCH_USER_PATHS = NO;
				CLANG_ANALYZER_NONNULL = YES;
				CLANG_ANALYZER_NUMBER_OBJECT_CONVERSION = YES_AGGRESSIVE;
				CLANG_CXX_LANGUAGE_STANDARD = "gnu++0x";
				CLANG_CXX_LIBRARY = "libc++";
				CLANG_ENABLE_MODULES = YES;
				CLANG_ENABLE_OBJC_ARC = YES;
				CLANG_WARN_BOOL_CONVERSION = YES;
				CLANG_WARN_CONSTANT_CONVERSION = YES;
				CLANG_WARN_DIRECT_OBJC_ISA_USAGE = YES_ERROR;
				CLANG_WARN_DOCUMENTATION_COMMENTS = YES;
				CLANG_WARN_EMPTY_BODY = YES;
				CLANG_WARN_ENUM_CONVERSION = YES;
				CLANG_WARN_INFINITE_RECURSION = YES;
				CLANG_WARN_INT_CONVERSION = YES;
				CLANG_WARN_OBJC_ROOT_CLASS = YES_ERROR;
				CLANG_WARN_SUSPICIOUS_MOVE = YES;
				CLANG_WARN_UNREACHABLE_CODE = YES;
				CLANG_WARN__DUPLICATE_METHOD_MATCH = YES;
				"CODE_SIGN_IDENTITY[sdk=iphoneos*]" = "iPhone Developer";
				COPY_PHASE_STRIP = NO;
				DEBUG_INFORMATION_FORMAT = "dwarf-with-dsym";
				ENABLE_NS_ASSERTIONS = NO;
				ENABLE_STRICT_OBJC_MSGSEND = YES;
				GCC_C_LANGUAGE_STANDARD = gnu99;
				GCC_NO_COMMON_BLOCKS = YES;
				GCC_WARN_64_TO_32_BIT_CONVERSION = YES;
				GCC_WARN_ABOUT_RETURN_TYPE = YES_ERROR;
				GCC_WARN_UNDECLARED_SELECTOR = YES;
				GCC_WARN_UNINITIALIZED_AUTOS = YES_AGGRESSIVE;
				GCC_WARN_UNUSED_FUNCTION = YES;
				GCC_WARN_UNUSED_VARIABLE = YES;
				IPHONEOS_DEPLOYMENT_TARGET = 10.3;
				MTL_ENABLE_DEBUG_INFO = NO;
				SDKROOT = iphoneos;
				SWIFT_OPTIMIZATION_LEVEL = "-Owholemodule";
				TARGETED_DEVICE_FAMILY = "1,2";
				VALIDATE_PRODUCT = YES;
			};
			name = Release;
		};
		DD4AC2CD1E92CEEE00F77037 /* Debug */ = {
			isa = XCBuildConfiguration;
			buildSettings = {
				CLANG_ENABLE_MODULES = YES;
				DEVELOPMENT_TEAM = 3HEAU63NVU;
				INFOPLIST_FILE = "Coupon App/Info.plist";
				LD_RUNPATH_SEARCH_PATHS = "$(inherited) @executable_path/Frameworks";
				PRODUCT_BUNDLE_IDENTIFIER = "Klas.Coupon-App";
				PRODUCT_NAME = "$(TARGET_NAME)";
				SWIFT_OBJC_BRIDGING_HEADER = "Coupon App-Bridging-Header.h";
				SWIFT_OPTIMIZATION_LEVEL = "-Onone";
				SWIFT_VERSION = 3.0;
			};
			name = Debug;
		};
		DD4AC2CE1E92CEEE00F77037 /* Release */ = {
			isa = XCBuildConfiguration;
			buildSettings = {
				CLANG_ENABLE_MODULES = YES;
				DEVELOPMENT_TEAM = 3HEAU63NVU;
				INFOPLIST_FILE = "Coupon App/Info.plist";
				LD_RUNPATH_SEARCH_PATHS = "$(inherited) @executable_path/Frameworks";
				PRODUCT_BUNDLE_IDENTIFIER = "Klas.Coupon-App";
				PRODUCT_NAME = "$(TARGET_NAME)";
				SWIFT_OBJC_BRIDGING_HEADER = "Coupon App-Bridging-Header.h";
				SWIFT_VERSION = 3.0;
			};
			name = Release;
		};
/* End XCBuildConfiguration section */

/* Begin XCConfigurationList section */
		DD4AC2B51E92CEEE00F77037 /* Build configuration list for PBXProject "Coupon App" */ = {
			isa = XCConfigurationList;
			buildConfigurations = (
				DD4AC2CA1E92CEEE00F77037 /* Debug */,
				DD4AC2CB1E92CEEE00F77037 /* Release */,
			);
			defaultConfigurationIsVisible = 0;
			defaultConfigurationName = Release;
		};
		DD4AC2CC1E92CEEE00F77037 /* Build configuration list for PBXNativeTarget "Coupon App" */ = {
			isa = XCConfigurationList;
			buildConfigurations = (
				DD4AC2CD1E92CEEE00F77037 /* Debug */,
				DD4AC2CE1E92CEEE00F77037 /* Release */,
			);
			defaultConfigurationIsVisible = 0;
			defaultConfigurationName = Release;
		};
/* End XCConfigurationList section */

/* Begin XCVersionGroup section */
		DD4AC3221E95F07100F77037 /* Coupon.xcdatamodeld */ = {
			isa = XCVersionGroup;
			children = (
				DD4AC3231E95F07100F77037 /* Coupon.xcdatamodel */,
			);
			currentVersion = DD4AC3231E95F07100F77037 /* Coupon.xcdatamodel */;
			path = Coupon.xcdatamodeld;
			sourceTree = "<group>";
			versionGroupType = wrapper.xcdatamodel;
		};
/* End XCVersionGroup section */
	};
	rootObject = DD4AC2B21E92CEEE00F77037 /* Project object */;
}
